// !$*UTF8*$!
{
	archiveVersion = 1;
	classes = {
	};
	objectVersion = 46;
	objects = {

/* Begin PBXBuildFile section */
		B60CA1421BA3487800D3E417 /* OpenCVBridge.mm in Sources */ = {isa = PBXBuildFile; fileRef = B60CA1411BA3487800D3E417 /* OpenCVBridge.mm */; };
		B62767831A9F999200CB0311 /* AppDelegate.swift in Sources */ = {isa = PBXBuildFile; fileRef = B62767821A9F999200CB0311 /* AppDelegate.swift */; };
		B62767851A9F999200CB0311 /* ViewController.swift in Sources */ = {isa = PBXBuildFile; fileRef = B62767841A9F999200CB0311 /* ViewController.swift */; };
		B62767881A9F999200CB0311 /* Main.storyboard in Resources */ = {isa = PBXBuildFile; fileRef = B62767861A9F999200CB0311 /* Main.storyboard */; };
		B627678A1A9F999200CB0311 /* Images.xcassets in Resources */ = {isa = PBXBuildFile; fileRef = B62767891A9F999200CB0311 /* Images.xcassets */; };
		B627678D1A9F999200CB0311 /* LaunchScreen.xib in Resources */ = {isa = PBXBuildFile; fileRef = B627678B1A9F999200CB0311 /* LaunchScreen.xib */; };
		B62767A31A9F99AF00CB0311 /* VideoAnalgesic.swift in Sources */ = {isa = PBXBuildFile; fileRef = B62767A21A9F99AF00CB0311 /* VideoAnalgesic.swift */; };
		B66415701B8F698D004E084F /* opencv2.framework in Frameworks */ = {isa = PBXBuildFile; fileRef = B664156F1B8F698D004E084F /* opencv2.framework */; };
		B66415721B8F699D004E084F /* CoreMedia.framework in Frameworks */ = {isa = PBXBuildFile; fileRef = B66415711B8F699D004E084F /* CoreMedia.framework */; };
		B66415741B8F69A7004E084F /* QuartzCore.framework in Frameworks */ = {isa = PBXBuildFile; fileRef = B66415731B8F69A7004E084F /* QuartzCore.framework */; };
		B66415761B8F69B4004E084F /* CoreVideo.framework in Frameworks */ = {isa = PBXBuildFile; fileRef = B66415751B8F69B4004E084F /* CoreVideo.framework */; };
		B66415781B8F69BC004E084F /* CoreAudio.framework in Frameworks */ = {isa = PBXBuildFile; fileRef = B66415771B8F69BC004E084F /* CoreAudio.framework */; };
		B664157A1B8F69C6004E084F /* CoreImage.framework in Frameworks */ = {isa = PBXBuildFile; fileRef = B66415791B8F69C6004E084F /* CoreImage.framework */; };
		B664157C1B8F69CE004E084F /* CoreGraphics.framework in Frameworks */ = {isa = PBXBuildFile; fileRef = B664157B1B8F69CE004E084F /* CoreGraphics.framework */; };
		B664157E1B8F69DA004E084F /* AssetsLibrary.framework in Frameworks */ = {isa = PBXBuildFile; fileRef = B664157D1B8F69DA004E084F /* AssetsLibrary.framework */; };
		B66415801B8F69E4004E084F /* Accelerate.framework in Frameworks */ = {isa = PBXBuildFile; fileRef = B664157F1B8F69E4004E084F /* Accelerate.framework */; };
		B66415821B8F69F5004E084F /* AVFoundation.framework in Frameworks */ = {isa = PBXBuildFile; fileRef = B66415811B8F69F5004E084F /* AVFoundation.framework */; };
/* End PBXBuildFile section */

/* Begin PBXContainerItemProxy section */
		B62767931A9F999200CB0311 /* PBXContainerItemProxy */ = {
			isa = PBXContainerItemProxy;
			containerPortal = B62767751A9F999200CB0311 /* Project object */;
			proxyType = 1;
			remoteGlobalIDString = B627677C1A9F999200CB0311;
			remoteInfo = LookinLive;
		};
/* End PBXContainerItemProxy section */

/* Begin PBXFileReference section */
		B60CA1401BA3487800D3E417 /* OpenCVBridge.h */ = {isa = PBXFileReference; fileEncoding = 4; lastKnownFileType = sourcecode.c.h; path = OpenCVBridge.h; sourceTree = "<group>"; };
		B60CA1411BA3487800D3E417 /* OpenCVBridge.mm */ = {isa = PBXFileReference; fileEncoding = 4; lastKnownFileType = sourcecode.cpp.objcpp; path = OpenCVBridge.mm; sourceTree = "<group>"; };
		B627677D1A9F999200CB0311 /* CoreImageOpenCVExample.temp_caseinsensitive_rename.temp_caseinsensitive_rename.app */ = {isa = PBXFileReference; explicitFileType = wrapper.application; includeInIndex = 0; path = CoreImageOpenCVExample.temp_caseinsensitive_rename.temp_caseinsensitive_rename.app; sourceTree = BUILT_PRODUCTS_DIR; };
		B62767811A9F999200CB0311 /* Info.plist */ = {isa = PBXFileReference; lastKnownFileType = text.plist.xml; path = Info.plist; sourceTree = "<group>"; };
		B62767821A9F999200CB0311 /* AppDelegate.swift */ = {isa = PBXFileReference; lastKnownFileType = sourcecode.swift; path = AppDelegate.swift; sourceTree = "<group>"; };
		B62767841A9F999200CB0311 /* ViewController.swift */ = {isa = PBXFileReference; lastKnownFileType = sourcecode.swift; path = ViewController.swift; sourceTree = "<group>"; };
		B62767871A9F999200CB0311 /* Base */ = {isa = PBXFileReference; lastKnownFileType = file.storyboard; name = Base; path = Base.lproj/Main.storyboard; sourceTree = "<group>"; };
		B62767891A9F999200CB0311 /* Images.xcassets */ = {isa = PBXFileReference; lastKnownFileType = folder.assetcatalog; path = Images.xcassets; sourceTree = "<group>"; };
		B627678C1A9F999200CB0311 /* Base */ = {isa = PBXFileReference; lastKnownFileType = file.xib; name = Base; path = Base.lproj/LaunchScreen.xib; sourceTree = "<group>"; };
		B62767921A9F999200CB0311 /* CoreImageOpenCVExample.temp_caseinsensitive_rename.temp_caseinsensitive_renameTests.xctest */ = {isa = PBXFileReference; explicitFileType = wrapper.cfbundle; includeInIndex = 0; path = CoreImageOpenCVExample.temp_caseinsensitive_rename.temp_caseinsensitive_renameTests.xctest; sourceTree = BUILT_PRODUCTS_DIR; };
		B62767A21A9F99AF00CB0311 /* VideoAnalgesic.swift */ = {isa = PBXFileReference; fileEncoding = 4; lastKnownFileType = sourcecode.swift; path = VideoAnalgesic.swift; sourceTree = "<group>"; };
		B664156B1B8F68BB004E084F /* CoreImageOpenCVExample-Bridging-Header.h */ = {isa = PBXFileReference; lastKnownFileType = sourcecode.c.h; path = "CoreImageOpenCVExample-Bridging-Header.h"; sourceTree = "<group>"; };
		B664156F1B8F698D004E084F /* opencv2.framework */ = {isa = PBXFileReference; lastKnownFileType = wrapper.framework; path = opencv2.framework; sourceTree = "<group>"; };
		B66415711B8F699D004E084F /* CoreMedia.framework */ = {isa = PBXFileReference; lastKnownFileType = wrapper.framework; name = CoreMedia.framework; path = System/Library/Frameworks/CoreMedia.framework; sourceTree = SDKROOT; };
		B66415731B8F69A7004E084F /* QuartzCore.framework */ = {isa = PBXFileReference; lastKnownFileType = wrapper.framework; name = QuartzCore.framework; path = System/Library/Frameworks/QuartzCore.framework; sourceTree = SDKROOT; };
		B66415751B8F69B4004E084F /* CoreVideo.framework */ = {isa = PBXFileReference; lastKnownFileType = wrapper.framework; name = CoreVideo.framework; path = System/Library/Frameworks/CoreVideo.framework; sourceTree = SDKROOT; };
		B66415771B8F69BC004E084F /* CoreAudio.framework */ = {isa = PBXFileReference; lastKnownFileType = wrapper.framework; name = CoreAudio.framework; path = System/Library/Frameworks/CoreAudio.framework; sourceTree = SDKROOT; };
		B66415791B8F69C6004E084F /* CoreImage.framework */ = {isa = PBXFileReference; lastKnownFileType = wrapper.framework; name = CoreImage.framework; path = System/Library/Frameworks/CoreImage.framework; sourceTree = SDKROOT; };
		B664157B1B8F69CE004E084F /* CoreGraphics.framework */ = {isa = PBXFileReference; lastKnownFileType = wrapper.framework; name = CoreGraphics.framework; path = System/Library/Frameworks/CoreGraphics.framework; sourceTree = SDKROOT; };
		B664157D1B8F69DA004E084F /* AssetsLibrary.framework */ = {isa = PBXFileReference; lastKnownFileType = wrapper.framework; name = AssetsLibrary.framework; path = System/Library/Frameworks/AssetsLibrary.framework; sourceTree = SDKROOT; };
		B664157F1B8F69E4004E084F /* Accelerate.framework */ = {isa = PBXFileReference; lastKnownFileType = wrapper.framework; name = Accelerate.framework; path = System/Library/Frameworks/Accelerate.framework; sourceTree = SDKROOT; };
		B66415811B8F69F5004E084F /* AVFoundation.framework */ = {isa = PBXFileReference; lastKnownFileType = wrapper.framework; name = AVFoundation.framework; path = System/Library/Frameworks/AVFoundation.framework; sourceTree = SDKROOT; };
/* End PBXFileReference section */

/* Begin PBXFrameworksBuildPhase section */
		B627677A1A9F999200CB0311 /* Frameworks */ = {
			isa = PBXFrameworksBuildPhase;
			buildActionMask = 2147483647;
			files = (
				B66415821B8F69F5004E084F /* AVFoundation.framework in Frameworks */,
				B66415801B8F69E4004E084F /* Accelerate.framework in Frameworks */,
				B664157E1B8F69DA004E084F /* AssetsLibrary.framework in Frameworks */,
				B664157C1B8F69CE004E084F /* CoreGraphics.framework in Frameworks */,
				B664157A1B8F69C6004E084F /* CoreImage.framework in Frameworks */,
				B66415781B8F69BC004E084F /* CoreAudio.framework in Frameworks */,
				B66415761B8F69B4004E084F /* CoreVideo.framework in Frameworks */,
				B66415741B8F69A7004E084F /* QuartzCore.framework in Frameworks */,
				B66415721B8F699D004E084F /* CoreMedia.framework in Frameworks */,
				B66415701B8F698D004E084F /* opencv2.framework in Frameworks */,
			);
			runOnlyForDeploymentPostprocessing = 0;
		};
		B627678F1A9F999200CB0311 /* Frameworks */ = {
			isa = PBXFrameworksBuildPhase;
			buildActionMask = 2147483647;
			files = (
			);
			runOnlyForDeploymentPostprocessing = 0;
		};
/* End PBXFrameworksBuildPhase section */

/* Begin PBXGroup section */
		B62767741A9F999200CB0311 = {
			isa = PBXGroup;
			children = (
				B66415811B8F69F5004E084F /* AVFoundation.framework */,
				B664157F1B8F69E4004E084F /* Accelerate.framework */,
				B664157D1B8F69DA004E084F /* AssetsLibrary.framework */,
				B664157B1B8F69CE004E084F /* CoreGraphics.framework */,
				B66415791B8F69C6004E084F /* CoreImage.framework */,
				B66415771B8F69BC004E084F /* CoreAudio.framework */,
				B66415751B8F69B4004E084F /* CoreVideo.framework */,
				B66415731B8F69A7004E084F /* QuartzCore.framework */,
				B66415711B8F699D004E084F /* CoreMedia.framework */,
				B664156F1B8F698D004E084F /* opencv2.framework */,
				B627677F1A9F999200CB0311 /* CoreImageOpenCVExample */,
				B627677E1A9F999200CB0311 /* Products */,
			);
			sourceTree = "<group>";
		};
		B627677E1A9F999200CB0311 /* Products */ = {
			isa = PBXGroup;
			children = (
				B627677D1A9F999200CB0311 /* CoreImageOpenCVExample.temp_caseinsensitive_rename.temp_caseinsensitive_rename.app */,
				B62767921A9F999200CB0311 /* CoreImageOpenCVExample.temp_caseinsensitive_rename.temp_caseinsensitive_renameTests.xctest */,
			);
			name = Products;
			sourceTree = "<group>";
		};
		B627677F1A9F999200CB0311 /* CoreImageOpenCVExample */ = {
			isa = PBXGroup;
			children = (
				B62767821A9F999200CB0311 /* AppDelegate.swift */,
				B62767841A9F999200CB0311 /* ViewController.swift */,
				B62767861A9F999200CB0311 /* Main.storyboard */,
				B62767891A9F999200CB0311 /* Images.xcassets */,
				B627678B1A9F999200CB0311 /* LaunchScreen.xib */,
				B62767801A9F999200CB0311 /* Supporting Files */,
				B664156B1B8F68BB004E084F /* CoreImageOpenCVExample-Bridging-Header.h */,
			);
			name = CoreImageOpenCVExample;
			path = LookinLive;
			sourceTree = "<group>";
		};
		B62767801A9F999200CB0311 /* Supporting Files */ = {
			isa = PBXGroup;
			children = (
				B62767A21A9F99AF00CB0311 /* VideoAnalgesic.swift */,
				B60CA1401BA3487800D3E417 /* OpenCVBridge.h */,
				B60CA1411BA3487800D3E417 /* OpenCVBridge.mm */,
				B62767811A9F999200CB0311 /* Info.plist */,
			);
			name = "Supporting Files";
			sourceTree = "<group>";
		};
/* End PBXGroup section */

/* Begin PBXNativeTarget section */
		B627677C1A9F999200CB0311 /* CoreImageOpenCVExample.temp_caseinsensitive_rename.temp_caseinsensitive_rename */ = {
			isa = PBXNativeTarget;
			buildConfigurationList = B627679C1A9F999200CB0311 /* Build configuration list for PBXNativeTarget "CoreImageOpenCVExample.temp_caseinsensitive_rename.temp_caseinsensitive_rename" */;
			buildPhases = (
				B62767791A9F999200CB0311 /* Sources */,
				B627677A1A9F999200CB0311 /* Frameworks */,
				B627677B1A9F999200CB0311 /* Resources */,
			);
			buildRules = (
			);
			dependencies = (
			);
			name = CoreImageOpenCVExample.temp_caseinsensitive_rename.temp_caseinsensitive_rename;
			productName = LookinLive;
			productReference = B627677D1A9F999200CB0311 /* CoreImageOpenCVExample.temp_caseinsensitive_rename.temp_caseinsensitive_rename.app */;
			productType = "com.apple.product-type.application";
		};
		B62767911A9F999200CB0311 /* CoreImageOpenCVExample.temp_caseinsensitive_rename.temp_caseinsensitive_renameTests */ = {
			isa = PBXNativeTarget;
			buildConfigurationList = B627679F1A9F999200CB0311 /* Build configuration list for PBXNativeTarget "CoreImageOpenCVExample.temp_caseinsensitive_rename.temp_caseinsensitive_renameTests" */;
			buildPhases = (
				B627678E1A9F999200CB0311 /* Sources */,
				B627678F1A9F999200CB0311 /* Frameworks */,
				B62767901A9F999200CB0311 /* Resources */,
			);
			buildRules = (
			);
			dependencies = (
				B62767941A9F999200CB0311 /* PBXTargetDependency */,
			);
			name = CoreImageOpenCVExample.temp_caseinsensitive_rename.temp_caseinsensitive_renameTests;
			productName = LookinLiveTests;
			productReference = B62767921A9F999200CB0311 /* CoreImageOpenCVExample.temp_caseinsensitive_rename.temp_caseinsensitive_renameTests.xctest */;
			productType = "com.apple.product-type.bundle.unit-test";
		};
/* End PBXNativeTarget section */

/* Begin PBXProject section */
		B62767751A9F999200CB0311 /* Project object */ = {
			isa = PBXProject;
			attributes = {
				LastSwiftMigration = 0730;
				LastSwiftUpdateCheck = 0730;
				LastUpgradeCheck = 0730;
				ORGANIZATIONNAME = "Eric Larson";
				TargetAttributes = {
					B627677C1A9F999200CB0311 = {
						CreatedOnToolsVersion = 6.1.1;
					};
					B62767911A9F999200CB0311 = {
						CreatedOnToolsVersion = 6.1.1;
						TestTargetID = B627677C1A9F999200CB0311;
					};
				};
			};
			buildConfigurationList = B62767781A9F999200CB0311 /* Build configuration list for PBXProject "CoreImageOpenCVExample" */;
			compatibilityVersion = "Xcode 3.2";
			developmentRegion = English;
			hasScannedForEncodings = 0;
			knownRegions = (
				en,
				Base,
			);
			mainGroup = B62767741A9F999200CB0311;
			productRefGroup = B627677E1A9F999200CB0311 /* Products */;
			projectDirPath = "";
			projectRoot = "";
			targets = (
				B627677C1A9F999200CB0311 /* CoreImageOpenCVExample.temp_caseinsensitive_rename.temp_caseinsensitive_rename */,
				B62767911A9F999200CB0311 /* CoreImageOpenCVExample.temp_caseinsensitive_rename.temp_caseinsensitive_renameTests */,
			);
		};
/* End PBXProject section */

/* Begin PBXResourcesBuildPhase section */
		B627677B1A9F999200CB0311 /* Resources */ = {
			isa = PBXResourcesBuildPhase;
			buildActionMask = 2147483647;
			files = (
				B62767881A9F999200CB0311 /* Main.storyboard in Resources */,
				B627678D1A9F999200CB0311 /* LaunchScreen.xib in Resources */,
				B627678A1A9F999200CB0311 /* Images.xcassets in Resources */,
			);
			runOnlyForDeploymentPostprocessing = 0;
		};
		B62767901A9F999200CB0311 /* Resources */ = {
			isa = PBXResourcesBuildPhase;
			buildActionMask = 2147483647;
			files = (
			);
			runOnlyForDeploymentPostprocessing = 0;
		};
/* End PBXResourcesBuildPhase section */

/* Begin PBXSourcesBuildPhase section */
		B62767791A9F999200CB0311 /* Sources */ = {
			isa = PBXSourcesBuildPhase;
			buildActionMask = 2147483647;
			files = (
				B62767A31A9F99AF00CB0311 /* VideoAnalgesic.swift in Sources */,
				B62767851A9F999200CB0311 /* ViewController.swift in Sources */,
				B62767831A9F999200CB0311 /* AppDelegate.swift in Sources */,
				B60CA1421BA3487800D3E417 /* OpenCVBridge.mm in Sources */,
			);
			runOnlyForDeploymentPostprocessing = 0;
		};
		B627678E1A9F999200CB0311 /* Sources */ = {
			isa = PBXSourcesBuildPhase;
			buildActionMask = 2147483647;
			files = (
			);
			runOnlyForDeploymentPostprocessing = 0;
		};
/* End PBXSourcesBuildPhase section */

/* Begin PBXTargetDependency section */
		B62767941A9F999200CB0311 /* PBXTargetDependency */ = {
			isa = PBXTargetDependency;
			target = B627677C1A9F999200CB0311 /* CoreImageOpenCVExample.temp_caseinsensitive_rename.temp_caseinsensitive_rename */;
			targetProxy = B62767931A9F999200CB0311 /* PBXContainerItemProxy */;
		};
/* End PBXTargetDependency section */

/* Begin PBXVariantGroup section */
		B62767861A9F999200CB0311 /* Main.storyboard */ = {
			isa = PBXVariantGroup;
			children = (
				B62767871A9F999200CB0311 /* Base */,
			);
			name = Main.storyboard;
			sourceTree = "<group>";
		};
		B627678B1A9F999200CB0311 /* LaunchScreen.xib */ = {
			isa = PBXVariantGroup;
			children = (
				B627678C1A9F999200CB0311 /* Base */,
			);
			name = LaunchScreen.xib;
			sourceTree = "<group>";
		};
/* End PBXVariantGroup section */

/* Begin XCBuildConfiguration section */
		B627679A1A9F999200CB0311 /* Debug */ = {
			isa = XCBuildConfiguration;
			buildSettings = {
				ALWAYS_SEARCH_USER_PATHS = NO;
				CLANG_CXX_LANGUAGE_STANDARD = "gnu++0x";
				CLANG_CXX_LIBRARY = "libc++";
				CLANG_ENABLE_MODULES = YES;
				CLANG_ENABLE_OBJC_ARC = YES;
				CLANG_WARN_BOOL_CONVERSION = YES;
				CLANG_WARN_CONSTANT_CONVERSION = YES;
				CLANG_WARN_DIRECT_OBJC_ISA_USAGE = YES_ERROR;
				CLANG_WARN_EMPTY_BODY = YES;
				CLANG_WARN_ENUM_CONVERSION = YES;
				CLANG_WARN_INT_CONVERSION = YES;
				CLANG_WARN_OBJC_ROOT_CLASS = YES_ERROR;
				CLANG_WARN_UNREACHABLE_CODE = YES;
				CLANG_WARN__DUPLICATE_METHOD_MATCH = YES;
				"CODE_SIGN_IDENTITY[sdk=iphoneos*]" = "iPhone Developer";
				COPY_PHASE_STRIP = NO;
				ENABLE_STRICT_OBJC_MSGSEND = YES;
				ENABLE_TESTABILITY = YES;
				GCC_C_LANGUAGE_STANDARD = gnu99;
				GCC_DYNAMIC_NO_PIC = NO;
				GCC_OPTIMIZATION_LEVEL = 0;
				GCC_PREPROCESSOR_DEFINITIONS = (
					"DEBUG=1",
					"$(inherited)",
				);
				GCC_SYMBOLS_PRIVATE_EXTERN = NO;
				GCC_WARN_64_TO_32_BIT_CONVERSION = YES;
				GCC_WARN_ABOUT_RETURN_TYPE = YES_ERROR;
				GCC_WARN_UNDECLARED_SELECTOR = YES;
				GCC_WARN_UNINITIALIZED_AUTOS = YES_AGGRESSIVE;
				GCC_WARN_UNUSED_FUNCTION = YES;
				GCC_WARN_UNUSED_VARIABLE = YES;
				IPHONEOS_DEPLOYMENT_TARGET = 8.1;
				MTL_ENABLE_DEBUG_INFO = YES;
				ONLY_ACTIVE_ARCH = YES;
				SDKROOT = iphoneos;
				SWIFT_OPTIMIZATION_LEVEL = "-Onone";
			};
			name = Debug;
		};
		B627679B1A9F999200CB0311 /* Release */ = {
			isa = XCBuildConfiguration;
			buildSettings = {
				ALWAYS_SEARCH_USER_PATHS = NO;
				CLANG_CXX_LANGUAGE_STANDARD = "gnu++0x";
				CLANG_CXX_LIBRARY = "libc++";
				CLANG_ENABLE_MODULES = YES;
				CLANG_ENABLE_OBJC_ARC = YES;
				CLANG_WARN_BOOL_CONVERSION = YES;
				CLANG_WARN_CONSTANT_CONVERSION = YES;
				CLANG_WARN_DIRECT_OBJC_ISA_USAGE = YES_ERROR;
				CLANG_WARN_EMPTY_BODY = YES;
				CLANG_WARN_ENUM_CONVERSION = YES;
				CLANG_WARN_INT_CONVERSION = YES;
				CLANG_WARN_OBJC_ROOT_CLASS = YES_ERROR;
				CLANG_WARN_UNREACHABLE_CODE = YES;
				CLANG_WARN__DUPLICATE_METHOD_MATCH = YES;
				"CODE_SIGN_IDENTITY[sdk=iphoneos*]" = "iPhone Developer";
				COPY_PHASE_STRIP = YES;
				ENABLE_NS_ASSERTIONS = NO;
				ENABLE_STRICT_OBJC_MSGSEND = YES;
				GCC_C_LANGUAGE_STANDARD = gnu99;
				GCC_WARN_64_TO_32_BIT_CONVERSION = YES;
				GCC_WARN_ABOUT_RETURN_TYPE = YES_ERROR;
				GCC_WARN_UNDECLARED_SELECTOR = YES;
				GCC_WARN_UNINITIALIZED_AUTOS = YES_AGGRESSIVE;
				GCC_WARN_UNUSED_FUNCTION = YES;
				GCC_WARN_UNUSED_VARIABLE = YES;
				IPHONEOS_DEPLOYMENT_TARGET = 8.1;
				MTL_ENABLE_DEBUG_INFO = NO;
				SDKROOT = iphoneos;
				VALIDATE_PRODUCT = YES;
			};
			name = Release;
		};
		B627679D1A9F999200CB0311 /* Debug */ = {
			isa = XCBuildConfiguration;
			buildSettings = {
				ASSETCATALOG_COMPILER_APPICON_NAME = AppIcon;
				CLANG_ENABLE_MODULES = YES;
				ENABLE_BITCODE = NO;
				FRAMEWORK_SEARCH_PATHS = (
					"$(inherited)",
					"$(PROJECT_DIR)",
				);
				INFOPLIST_FILE = LookinLive/Info.plist;
				IPHONEOS_DEPLOYMENT_TARGET = 9.3;
				LD_RUNPATH_SEARCH_PATHS = "$(inherited) @executable_path/Frameworks";
				PRODUCT_BUNDLE_IDENTIFIER = "SMU.$(PRODUCT_NAME:rfc1034identifier)";
				PRODUCT_NAME = CoreImageOpenCVExample.temp_caseinsensitive_rename.temp_caseinsensitive_rename;
				SWIFT_OBJC_BRIDGING_HEADER = "LookinLive/CoreImageOpenCVExample-Bridging-Header.h";
				SWIFT_OPTIMIZATION_LEVEL = "-Onone";
				TEST_HOST = "";
			};
			name = Debug;
		};
		B627679E1A9F999200CB0311 /* Release */ = {
			isa = XCBuildConfiguration;
			buildSettings = {
				ASSETCATALOG_COMPILER_APPICON_NAME = AppIcon;
				CLANG_ENABLE_MODULES = YES;
				ENABLE_BITCODE = NO;
				FRAMEWORK_SEARCH_PATHS = (
					"$(inherited)",
					"$(PROJECT_DIR)",
				);
				INFOPLIST_FILE = LookinLive/Info.plist;
				IPHONEOS_DEPLOYMENT_TARGET = 9.3;
				LD_RUNPATH_SEARCH_PATHS = "$(inherited) @executable_path/Frameworks";
				PRODUCT_BUNDLE_IDENTIFIER = "SMU.$(PRODUCT_NAME:rfc1034identifier)";
				PRODUCT_NAME = CoreImageOpenCVExample.temp_caseinsensitive_rename.temp_caseinsensitive_rename;
				SWIFT_OBJC_BRIDGING_HEADER = "LookinLive/CoreImageOpenCVExample-Bridging-Header.h";
				TEST_HOST = "";
			};
			name = Release;
		};
		B62767A01A9F999200CB0311 /* Debug */ = {
			isa = XCBuildConfiguration;
			buildSettings = {
				BUNDLE_LOADER = "$(TEST_HOST)";
				FRAMEWORK_SEARCH_PATHS = (
					"$(SDKROOT)/Developer/Library/Frameworks",
					"$(inherited)",
				);
				GCC_PREPROCESSOR_DEFINITIONS = (
					"DEBUG=1",
					"$(inherited)",
				);
				INFOPLIST_FILE = LookinLiveTests/Info.plist;
				LD_RUNPATH_SEARCH_PATHS = "$(inherited) @executable_path/Frameworks @loader_path/Frameworks";
				PRODUCT_BUNDLE_IDENTIFIER = "SMU.$(PRODUCT_NAME:rfc1034identifier)";
				PRODUCT_NAME = CoreImageOpenCVExample.temp_caseinsensitive_rename.temp_caseinsensitive_renameTests;
				TEST_HOST = "$(BUILT_PRODUCTS_DIR)/LookinLive.app/LookinLive";
			};
			name = Debug;
		};
		B62767A11A9F999200CB0311 /* Release */ = {
			isa = XCBuildConfiguration;
			buildSettings = {
				BUNDLE_LOADER = "$(TEST_HOST)";
				FRAMEWORK_SEARCH_PATHS = (
					"$(SDKROOT)/Developer/Library/Frameworks",
					"$(inherited)",
				);
				INFOPLIST_FILE = LookinLiveTests/Info.plist;
				LD_RUNPATH_SEARCH_PATHS = "$(inherited) @executable_path/Frameworks @loader_path/Frameworks";
				PRODUCT_BUNDLE_IDENTIFIER = "SMU.$(PRODUCT_NAME:rfc1034identifier)";
				PRODUCT_NAME = CoreImageOpenCVExample.temp_caseinsensitive_rename.temp_caseinsensitive_renameTests;
				TEST_HOST = "$(BUILT_PRODUCTS_DIR)/LookinLive.app/LookinLive";
			};
			name = Release;
		};
/* End XCBuildConfiguration section */

/* Begin XCConfigurationList section */
		B62767781A9F999200CB0311 /* Build configuration list for PBXProject "CoreImageOpenCVExample" */ = {
			isa = XCConfigurationList;
			buildConfigurations = (
				B627679A1A9F999200CB0311 /* Debug */,
				B627679B1A9F999200CB0311 /* Release */,
			);
			defaultConfigurationIsVisible = 0;
			defaultConfigurationName = Release;
		};
		B627679C1A9F999200CB0311 /* Build configuration list for PBXNativeTarget "CoreImageOpenCVExample.temp_caseinsensitive_rename.temp_caseinsensitive_rename" */ = {
			isa = XCConfigurationList;
			buildConfigurations = (
				B627679D1A9F999200CB0311 /* Debug */,
				B627679E1A9F999200CB0311 /* Release */,
			);
			defaultConfigurationIsVisible = 0;
			defaultConfigurationName = Release;
		};
		B627679F1A9F999200CB0311 /* Build configuration list for PBXNativeTarget "CoreImageOpenCVExample.temp_caseinsensitive_rename.temp_caseinsensitive_renameTests" */ = {
			isa = XCConfigurationList;
			buildConfigurations = (
				B62767A01A9F999200CB0311 /* Debug */,
				B62767A11A9F999200CB0311 /* Release */,
			);
			defaultConfigurationIsVisible = 0;
			defaultConfigurationName = Release;
		};
/* End XCConfigurationList section */
	};
	rootObject = B62767751A9F999200CB0311 /* Project object */;
}
